
Microsoft Visual Studio Solution File, Format Version 12.00
# Visual Studio Version 16
VisualStudioVersion = 16.0.33529.622
MinimumVisualStudioVersion = 10.0.40219.1
Project("{FAE04EC0-301F-11D3-BF4B-00C04F79EFBC}") = "self-checkin-api", "self-checkin-api\self-checkin-api.csproj", "{5BF8553C-CE14-4540-B6EA-2222A0A03204}"
EndProject
Global
	GlobalSection(SolutionConfigurationPlatforms) = preSolution
		Debug|Any CPU = Debug|Any CPU
		Release|Any CPU = Release|Any CPU
	EndGlobalSection
	GlobalSection(ProjectConfigurationPlatforms) = postSolution
		{5BF8553C-CE14-4540-B6EA-2222A0A03204}.Debug|Any CPU.ActiveCfg = Debug|Any CPU
		{5BF8553C-CE14-4540-B6EA-2222A0A03204}.Debug|Any CPU.Build.0 = Debug|Any CPU
		{5BF8553C-CE14-4540-B6EA-2222A0A03204}.Release|Any CPU.ActiveCfg = Release|Any CPU
		{5BF8553C-CE14-4540-B6EA-2222A0A03204}.Release|Any CPU.Build.0 = Release|Any CPU
	EndGlobalSection
	GlobalSection(SolutionProperties) = preSolution
		HideSolutionNode = FALSE
	EndGlobalSection
	GlobalSection(ExtensibilityGlobals) = postSolution
		SolutionGuid = {9802874C-2E5B-4450-BFCD-CDD3D075CA22}
	EndGlobalSection
EndGlobal
